{
  "name": "away",
  "version": "1.0.0",
  "lockfileVersion": 2,
  "requires": true,
  "packages": {
    "": {
      "name": "away",
      "version": "1.0.0",
      "license": "ISC",
      "dependencies": {
        "allure-commandline": "^2.20.1"
      },
      "devDependencies": {
        "@playwright/test": "^1.29.0",
        "allure-playwright": "*"
      }
    },
    "node_modules/@playwright/test": {
      "version": "1.29.0",
      "resolved": "https://registry.npmjs.org/@playwright/test/-/test-1.29.0.tgz",
      "integrity": "sha512-gp5PVBenxTJsm2bATWDNc2CCnrL5OaA/MXQdJwwkGQtqTjmY+ZOqAdLqo49O9MLTDh2vYh+tHWDnmFsILnWaeA==",
      "dev": true,
      "dependencies": {
        "@types/node": "*",
        "playwright-core": "1.29.0"
      },
      "bin": {
        "playwright": "cli.js"
      },
      "engines": {
        "node": ">=14"
      }
    },
    "node_modules/@types/node": {
      "version": "18.11.14",
      "resolved": "https://registry.npmjs.org/@types/node/-/node-18.11.14.tgz",
      "integrity": "sha512-0KXV57tENYmmJMl+FekeW9V3O/rlcqGQQJ/hNh9r8pKIj304pskWuEd8fCyNT86g/TpO0gcOTiLzsHLEURFMIQ==",
      "dev": true
    },
    "node_modules/allure-commandline": {
      "version": "2.20.1",
      "resolved": "https://registry.npmjs.org/allure-commandline/-/allure-commandline-2.20.1.tgz",
      "integrity": "sha512-QKdPUgnS4q6V0MWsZl6miveuoIo84sR4+Olh0N2JY+UWawpxnXHqWcHUtHedOJx9vCewTi3nSkBUiuOuUmn6Dw==",
      "bin": {
        "allure": "bin/allure"
      }
    },
    "node_modules/allure-js-commons": {
      "version": "2.0.0-beta.21",
      "resolved": "https://registry.npmjs.org/allure-js-commons/-/allure-js-commons-2.0.0-beta.21.tgz",
      "integrity": "sha512-VzbTiZpm49KPDT2/ufmGZimGVn0GLWch8W9yat8lwCMSzuf6REYjcuzihLrE7NlCq6JNP9ZDMqtojwTmMxV3Qg==",
      "dev": true,
      "dependencies": {
        "mkdirp": "^1.0.4",
        "properties": "^1.2.1",
        "uuid": "^8.3.0"
      }
    },
    "node_modules/allure-playwright": {
      "version": "2.0.0-beta.21",
      "resolved": "https://registry.npmjs.org/allure-playwright/-/allure-playwright-2.0.0-beta.21.tgz",
      "integrity": "sha512-wMI6PwuzjPa10i3bMSqOOTdD90sgQdpVDilNBhp6va9N+mTpD/eT49SrX4MGPqdaB43aOlSAAKHCH1riTV8zVg==",
      "dev": true,
      "dependencies": {
        "allure-js-commons": "2.0.0-beta.21"
      }
    },
    "node_modules/mkdirp": {
      "version": "1.0.4",
      "resolved": "https://registry.npmjs.org/mkdirp/-/mkdirp-1.0.4.tgz",
      "integrity": "sha512-vVqVZQyf3WLx2Shd0qJ9xuvqgAyKPLAiqITEtqW0oIUjzo3PePDd6fW9iFz30ef7Ysp/oiWqbhszeGWW2T6Gzw==",
      "dev": true,
      "bin": {
        "mkdirp": "bin/cmd.js"
      },
      "engines": {
        "node": ">=10"
      }
    },
    "node_modules/playwright-core": {
      "version": "1.29.0",
      "resolved": "https://registry.npmjs.org/playwright-core/-/playwright-core-1.29.0.tgz",
      "integrity": "sha512-pboOm1m0RD6z1GtwAbEH60PYRfF87vKdzOSRw2RyO0Y0a7utrMyWN2Au1ojGvQr4umuBMODkKTv607YIRypDSQ==",
      "dev": true,
      "bin": {
        "playwright": "cli.js"
      },
      "engines": {
        "node": ">=14"
      }
    },
    "node_modules/properties": {
      "version": "1.2.1",
      "resolved": "https://registry.npmjs.org/properties/-/properties-1.2.1.tgz",
      "integrity": "sha512-qYNxyMj1JeW54i/EWEFsM1cVwxJbtgPp8+0Wg9XjNaK6VE/c4oRi6PNu5p7w1mNXEIQIjV5Wwn8v8Gz82/QzdQ==",
      "dev": true,
      "engines": {
        "node": ">=0.10"
      }
    },
    "node_modules/uuid": {
      "version": "8.3.2",
      "resolved": "https://registry.npmjs.org/uuid/-/uuid-8.3.2.tgz",
      "integrity": "sha512-+NYs2QeMWy+GWFOEm9xnn6HCDp0l7QBD7ml8zLUmJ+93Q5NF0NocErnwkTkXVFNiX3/fpC6afS8Dhb/gz7R7eg==",
      "dev": true,
      "bin": {
        "uuid": "dist/bin/uuid"
      }
    }
  },
  "dependencies": {
    "@playwright/test": {
      "version": "1.29.0",
      "resolved": "https://registry.npmjs.org/@playwright/test/-/test-1.29.0.tgz",
      "integrity": "sha512-gp5PVBenxTJsm2bATWDNc2CCnrL5OaA/MXQdJwwkGQtqTjmY+ZOqAdLqo49O9MLTDh2vYh+tHWDnmFsILnWaeA==",
      "dev": true,
      "requires": {
        "@types/node": "*",
        "playwright-core": "1.29.0"
      }
    },
    "@types/node": {
      "version": "18.11.14",
      "resolved": "https://registry.npmjs.org/@types/node/-/node-18.11.14.tgz",
      "integrity": "sha512-0KXV57tENYmmJMl+FekeW9V3O/rlcqGQQJ/hNh9r8pKIj304pskWuEd8fCyNT86g/TpO0gcOTiLzsHLEURFMIQ==",
      "dev": true
    },
    "allure-commandline": {
      "version": "2.20.1",
      "resolved": "https://registry.npmjs.org/allure-commandline/-/allure-commandline-2.20.1.tgz",
      "integrity": "sha512-QKdPUgnS4q6V0MWsZl6miveuoIo84sR4+Olh0N2JY+UWawpxnXHqWcHUtHedOJx9vCewTi3nSkBUiuOuUmn6Dw=="
    },
    "allure-js-commons": {
      "version": "2.0.0-beta.21",
      "resolved": "https://registry.npmjs.org/allure-js-commons/-/allure-js-commons-2.0.0-beta.21.tgz",
      "integrity": "sha512-VzbTiZpm49KPDT2/ufmGZimGVn0GLWch8W9yat8lwCMSzuf6REYjcuzihLrE7NlCq6JNP9ZDMqtojwTmMxV3Qg==",
      "dev": true,
      "requires": {
        "mkdirp": "^1.0.4",
        "properties": "^1.2.1",
        "uuid": "^8.3.0"
      }
    },
    "allure-playwright": {
      "version": "2.0.0-beta.21",
      "resolved": "https://registry.npmjs.org/allure-playwright/-/allure-playwright-2.0.0-beta.21.tgz",
      "integrity": "sha512-wMI6PwuzjPa10i3bMSqOOTdD90sgQdpVDilNBhp6va9N+mTpD/eT49SrX4MGPqdaB43aOlSAAKHCH1riTV8zVg==",
      "dev": true,
      "requires": {
        "allure-js-commons": "2.0.0-beta.21"
      }
    },
    "mkdirp": {
      "version": "1.0.4",
      "resolved": "https://registry.npmjs.org/mkdirp/-/mkdirp-1.0.4.tgz",
      "integrity": "sha512-vVqVZQyf3WLx2Shd0qJ9xuvqgAyKPLAiqITEtqW0oIUjzo3PePDd6fW9iFz30ef7Ysp/oiWqbhszeGWW2T6Gzw==",
      "dev": true
    },
    "playwright-core": {
      "version": "1.29.0",
      "resolved": "https://registry.npmjs.org/playwright-core/-/playwright-core-1.29.0.tgz",
      "integrity": "sha512-pboOm1m0RD6z1GtwAbEH60PYRfF87vKdzOSRw2RyO0Y0a7utrMyWN2Au1ojGvQr4umuBMODkKTv607YIRypDSQ==",
      "dev": true
    },
    "properties": {
      "version": "1.2.1",
      "resolved": "https://registry.npmjs.org/properties/-/properties-1.2.1.tgz",
      "integrity": "sha512-qYNxyMj1JeW54i/EWEFsM1cVwxJbtgPp8+0Wg9XjNaK6VE/c4oRi6PNu5p7w1mNXEIQIjV5Wwn8v8Gz82/QzdQ==",
      "dev": true
    },
    "uuid": {
      "version": "8.3.2",
      "resolved": "https://registry.npmjs.org/uuid/-/uuid-8.3.2.tgz",
      "integrity": "sha512-+NYs2QeMWy+GWFOEm9xnn6HCDp0l7QBD7ml8zLUmJ+93Q5NF0NocErnwkTkXVFNiX3/fpC6afS8Dhb/gz7R7eg==",
      "dev": true
    }
  }
}
